
Microsoft Visual Studio Solution File, Format Version 12.00
# Visual Studio Version 17
VisualStudioVersion = 17.6.33815.320
MinimumVisualStudioVersion = 10.0.40219.1
Project("{FAE04EC0-301F-11D3-BF4B-00C04F79EFBC}") = "offf", "offf.csproj", "{B1D87FC6-81D5-40EE-94F6-D65B902BF954}"
EndProject
Global
	GlobalSection(SolutionConfigurationPlatforms) = preSolution
		Debug|Any CPU = Debug|Any CPU
		Debug|x64 = Debug|x64
		Release|Any CPU = Release|Any CPU
		Release|x64 = Release|x64
	EndGlobalSection
	GlobalSection(ProjectConfigurationPlatforms) = postSolution
		{B1D87FC6-81D5-40EE-94F6-D65B902BF954}.Debug|Any CPU.ActiveCfg = Debug|Any CPU
		{B1D87FC6-81D5-40EE-94F6-D65B902BF954}.Debug|Any CPU.Build.0 = Debug|Any CPU
		{B1D87FC6-81D5-40EE-94F6-D65B902BF954}.Debug|x64.ActiveCfg = Debug|x64
		{B1D87FC6-81D5-40EE-94F6-D65B902BF954}.Debug|x64.Build.0 = Debug|x64
		{B1D87FC6-81D5-40EE-94F6-D65B902BF954}.Release|Any CPU.ActiveCfg = Release|Any CPU
		{B1D87FC6-81D5-40EE-94F6-D65B902BF954}.Release|Any CPU.Build.0 = Release|Any CPU
		{B1D87FC6-81D5-40EE-94F6-D65B902BF954}.Release|x64.ActiveCfg = Release|x64
		{B1D87FC6-81D5-40EE-94F6-D65B902BF954}.Release|x64.Build.0 = Release|x64
	EndGlobalSection
	GlobalSection(SolutionProperties) = preSolution
		HideSolutionNode = FALSE
	EndGlobalSection
	GlobalSection(ExtensibilityGlobals) = postSolution
		SolutionGuid = {55818CC7-CDB7-41B7-A4D3-D9420080A240}
	EndGlobalSection
EndGlobal
